
Microsoft Visual Studio Solution File, Format Version 12.00
# Visual Studio Version 16
VisualStudioVersion = 16.0.30413.136
MinimumVisualStudioVersion = 10.0.40219.1
Project("{FAE04EC0-301F-11D3-BF4B-00C04F79EFBC}") = "KyntalDAL", "KyntalDAL.csproj", "{196A784C-0573-4498-BBEA-8AEA68080E24}"
EndProject
Project("{FAE04EC0-301F-11D3-BF4B-00C04F79EFBC}") = "Kyntal", "..\Kyntal\Kyntal\Kyntal.csproj", "{72767638-DF0C-4541-A7A0-0896027F71F6}"
EndProject
Global
	GlobalSection(SolutionConfigurationPlatforms) = preSolution
		Debug|Any CPU = Debug|Any CPU
		Release|Any CPU = Release|Any CPU
	EndGlobalSection
	GlobalSection(ProjectConfigurationPlatforms) = postSolution
		{196A784C-0573-4498-BBEA-8AEA68080E24}.Debug|Any CPU.ActiveCfg = Debug|Any CPU
		{196A784C-0573-4498-BBEA-8AEA68080E24}.Debug|Any CPU.Build.0 = Debug|Any CPU
		{196A784C-0573-4498-BBEA-8AEA68080E24}.Release|Any CPU.ActiveCfg = Release|Any CPU
		{196A784C-0573-4498-BBEA-8AEA68080E24}.Release|Any CPU.Build.0 = Release|Any CPU
		{72767638-DF0C-4541-A7A0-0896027F71F6}.Debug|Any CPU.ActiveCfg = Debug|Any CPU
		{72767638-DF0C-4541-A7A0-0896027F71F6}.Debug|Any CPU.Build.0 = Debug|Any CPU
		{72767638-DF0C-4541-A7A0-0896027F71F6}.Release|Any CPU.ActiveCfg = Release|Any CPU
		{72767638-DF0C-4541-A7A0-0896027F71F6}.Release|Any CPU.Build.0 = Release|Any CPU
	EndGlobalSection
	GlobalSection(SolutionProperties) = preSolution
		HideSolutionNode = FALSE
	EndGlobalSection
	GlobalSection(ExtensibilityGlobals) = postSolution
		SolutionGuid = {7A840AFE-9A40-431E-B20A-00C0DCE81232}
	EndGlobalSection
EndGlobal
